
Microsoft Visual Studio Solution File, Format Version 12.00
# Visual Studio Version 17
VisualStudioVersion = 17.1.32407.343
MinimumVisualStudioVersion = 10.0.40219.1
Project("{FAE04EC0-301F-11D3-BF4B-00C04F79EFBC}") = "vital_sign", "vital_sign\vital_sign.csproj", "{72742E2F-E866-4367-8648-F00E264F011C}"
EndProject
Global
	GlobalSection(SolutionConfigurationPlatforms) = preSolution
		Debug|Any CPU = Debug|Any CPU
		Release|Any CPU = Release|Any CPU
	EndGlobalSection
	GlobalSection(ProjectConfigurationPlatforms) = postSolution
		{72742E2F-E866-4367-8648-F00E264F011C}.Debug|Any CPU.ActiveCfg = Debug|Any CPU
		{72742E2F-E866-4367-8648-F00E264F011C}.Debug|Any CPU.Build.0 = Debug|Any CPU
		{72742E2F-E866-4367-8648-F00E264F011C}.Release|Any CPU.ActiveCfg = Release|Any CPU
		{72742E2F-E866-4367-8648-F00E264F011C}.Release|Any CPU.Build.0 = Release|Any CPU
	EndGlobalSection
	GlobalSection(SolutionProperties) = preSolution
		HideSolutionNode = FALSE
	EndGlobalSection
	GlobalSection(ExtensibilityGlobals) = postSolution
		SolutionGuid = {A75D96B0-6B7D-4D2F-9566-1AAFF7B23E8B}
	EndGlobalSection
EndGlobal
